// !$*UTF8*$!
{
	archiveVersion = 1;
	classes = {
	};
	objectVersion = 46;
	objects = {

/* Begin PBXBuildFile section */
		3C0376681D34F9A000F356C8 /* aria2c in Resources */ = {isa = PBXBuildFile; fileRef = 3C0376661D34F9A000F356C8 /* aria2c */; };
		3C0376691D34F9A000F356C8 /* aria2c.conf in Resources */ = {isa = PBXBuildFile; fileRef = 3C0376671D34F9A000F356C8 /* aria2c.conf */; };
		3C044EEB1D37B00C00AB104E /* AMAriaRpcApi.swift in Sources */ = {isa = PBXBuildFile; fileRef = 3C044EEA1D37B00C00AB104E /* AMAriaRpcApi.swift */; };
		3C3C4C7E1D228B33005536C4 /* AMTableCell.swift in Sources */ = {isa = PBXBuildFile; fileRef = 3C3C4C7D1D228B33005536C4 /* AMTableCell.swift */; };
		3C43B0D71D253523007FA757 /* Assets.xcassets in Resources */ = {isa = PBXBuildFile; fileRef = 3C43B0D61D253523007FA757 /* Assets.xcassets */; };
		3C57BE5C1D1B2AD900714DF2 /* AppDelegate.swift in Sources */ = {isa = PBXBuildFile; fileRef = 3C57BE5B1D1B2AD900714DF2 /* AppDelegate.swift */; };
		3C57BE5E1D1B2AD900714DF2 /* ViewController.swift in Sources */ = {isa = PBXBuildFile; fileRef = 3C57BE5D1D1B2AD900714DF2 /* ViewController.swift */; };
		3C57BE631D1B2AD900714DF2 /* Main.storyboard in Resources */ = {isa = PBXBuildFile; fileRef = 3C57BE611D1B2AD900714DF2 /* Main.storyboard */; };
/* End PBXBuildFile section */

/* Begin PBXFileReference section */
		3C0376661D34F9A000F356C8 /* aria2c */ = {isa = PBXFileReference; lastKnownFileType = "compiled.mach-o.executable"; name = aria2c; path = AiraMac/aria2c/aria2c; sourceTree = "<group>"; };
		3C0376671D34F9A000F356C8 /* aria2c.conf */ = {isa = PBXFileReference; fileEncoding = 4; lastKnownFileType = text; name = aria2c.conf; path = AiraMac/aria2c/aria2c.conf; sourceTree = "<group>"; };
		3C044EEA1D37B00C00AB104E /* AMAriaRpcApi.swift */ = {isa = PBXFileReference; fileEncoding = 4; lastKnownFileType = sourcecode.swift; path = AMAriaRpcApi.swift; sourceTree = "<group>"; };
		3C3C4C7D1D228B33005536C4 /* AMTableCell.swift */ = {isa = PBXFileReference; fileEncoding = 4; lastKnownFileType = sourcecode.swift; path = AMTableCell.swift; sourceTree = "<group>"; };
		3C43B0D61D253523007FA757 /* Assets.xcassets */ = {isa = PBXFileReference; lastKnownFileType = folder.assetcatalog; path = Assets.xcassets; sourceTree = "<group>"; };
		3C57BE581D1B2AD900714DF2 /* Aira2.app */ = {isa = PBXFileReference; explicitFileType = wrapper.application; includeInIndex = 0; path = Aira2.app; sourceTree = BUILT_PRODUCTS_DIR; };
		3C57BE5B1D1B2AD900714DF2 /* AppDelegate.swift */ = {isa = PBXFileReference; lastKnownFileType = sourcecode.swift; path = AppDelegate.swift; sourceTree = "<group>"; };
		3C57BE5D1D1B2AD900714DF2 /* ViewController.swift */ = {isa = PBXFileReference; lastKnownFileType = sourcecode.swift; path = ViewController.swift; sourceTree = "<group>"; };
		3C57BE621D1B2AD900714DF2 /* Base */ = {isa = PBXFileReference; lastKnownFileType = file.storyboard; name = Base; path = Base.lproj/Main.storyboard; sourceTree = "<group>"; };
		3C57BE641D1B2AD900714DF2 /* Info.plist */ = {isa = PBXFileReference; lastKnownFileType = text.plist.xml; path = Info.plist; sourceTree = "<group>"; };
/* End PBXFileReference section */

/* Begin PBXFrameworksBuildPhase section */
		3C57BE551D1B2AD900714DF2 /* Frameworks */ = {
			isa = PBXFrameworksBuildPhase;
			buildActionMask = 2147483647;
			files = (
			);
			runOnlyForDeploymentPostprocessing = 0;
		};
/* End PBXFrameworksBuildPhase section */

/* Begin PBXGroup section */
		3C0376651D34F98E00F356C8 /* aria2c */ = {
			isa = PBXGroup;
			children = (
				3C0376661D34F9A000F356C8 /* aria2c */,
				3C0376671D34F9A000F356C8 /* aria2c.conf */,
			);
			name = aria2c;
			sourceTree = "<group>";
		};
		3C044EEC1D37B25E00AB104E /* API */ = {
			isa = PBXGroup;
			children = (
				3C044EEA1D37B00C00AB104E /* AMAriaRpcApi.swift */,
			);
			name = API;
			sourceTree = "<group>";
		};
		3C044EED1D37B27000AB104E /* Controller */ = {
			isa = PBXGroup;
			children = (
				3C57BE5D1D1B2AD900714DF2 /* ViewController.swift */,
			);
			name = Controller;
			sourceTree = "<group>";
		};
		3C044EEE1D37B27700AB104E /* Model */ = {
			isa = PBXGroup;
			children = (
			);
			name = Model;
			sourceTree = "<group>";
		};
		3C044EEF1D37B27D00AB104E /* View */ = {
			isa = PBXGroup;
			children = (
				3C3C4C7D1D228B33005536C4 /* AMTableCell.swift */,
			);
			name = View;
			sourceTree = "<group>";
		};
		3C57BE4F1D1B2AD900714DF2 = {
			isa = PBXGroup;
			children = (
				3C0376651D34F98E00F356C8 /* aria2c */,
				3C57BE5A1D1B2AD900714DF2 /* AiraMac */,
				3C57BE591D1B2AD900714DF2 /* Products */,
			);
			sourceTree = "<group>";
		};
		3C57BE591D1B2AD900714DF2 /* Products */ = {
			isa = PBXGroup;
			children = (
				3C57BE581D1B2AD900714DF2 /* Aira2.app */,
			);
			name = Products;
			sourceTree = "<group>";
		};
		3C57BE5A1D1B2AD900714DF2 /* AiraMac */ = {
			isa = PBXGroup;
			children = (
				3C044EEC1D37B25E00AB104E /* API */,
				3C044EEE1D37B27700AB104E /* Model */,
				3C57BE5B1D1B2AD900714DF2 /* AppDelegate.swift */,
				3C044EED1D37B27000AB104E /* Controller */,
				3C044EEF1D37B27D00AB104E /* View */,
				3C57BE611D1B2AD900714DF2 /* Main.storyboard */,
				3C43B0D61D253523007FA757 /* Assets.xcassets */,
				3C57BE641D1B2AD900714DF2 /* Info.plist */,
			);
			path = AiraMac;
			sourceTree = "<group>";
		};
/* End PBXGroup section */

/* Begin PBXNativeTarget section */
		3C57BE571D1B2AD900714DF2 /* AiraMac */ = {
			isa = PBXNativeTarget;
			buildConfigurationList = 3C57BE671D1B2AD900714DF2 /* Build configuration list for PBXNativeTarget "AiraMac" */;
			buildPhases = (
				3C57BE541D1B2AD900714DF2 /* Sources */,
				3C57BE551D1B2AD900714DF2 /* Frameworks */,
				3C57BE561D1B2AD900714DF2 /* Resources */,
			);
			buildRules = (
			);
			dependencies = (
			);
			name = AiraMac;
			productName = AiraMac;
			productReference = 3C57BE581D1B2AD900714DF2 /* Aira2.app */;
			productType = "com.apple.product-type.application";
		};
/* End PBXNativeTarget section */

/* Begin PBXProject section */
		3C57BE501D1B2AD900714DF2 /* Project object */ = {
			isa = PBXProject;
			attributes = {
				LastSwiftUpdateCheck = 0730;
				LastUpgradeCheck = 0730;
				ORGANIZATIONNAME = FirstRisingTide;
				TargetAttributes = {
					3C57BE571D1B2AD900714DF2 = {
						CreatedOnToolsVersion = 7.3;
					};
				};
			};
			buildConfigurationList = 3C57BE531D1B2AD900714DF2 /* Build configuration list for PBXProject "AiraMac" */;
			compatibilityVersion = "Xcode 3.2";
			developmentRegion = English;
			hasScannedForEncodings = 0;
			knownRegions = (
				en,
				Base,
			);
			mainGroup = 3C57BE4F1D1B2AD900714DF2;
			productRefGroup = 3C57BE591D1B2AD900714DF2 /* Products */;
			projectDirPath = "";
			projectRoot = "";
			targets = (
				3C57BE571D1B2AD900714DF2 /* AiraMac */,
			);
		};
/* End PBXProject section */

/* Begin PBXResourcesBuildPhase section */
		3C57BE561D1B2AD900714DF2 /* Resources */ = {
			isa = PBXResourcesBuildPhase;
			buildActionMask = 2147483647;
			files = (
				3C43B0D71D253523007FA757 /* Assets.xcassets in Resources */,
				3C0376691D34F9A000F356C8 /* aria2c.conf in Resources */,
				3C57BE631D1B2AD900714DF2 /* Main.storyboard in Resources */,
				3C0376681D34F9A000F356C8 /* aria2c in Resources */,
			);
			runOnlyForDeploymentPostprocessing = 0;
		};
/* End PBXResourcesBuildPhase section */

/* Begin PBXSourcesBuildPhase section */
		3C57BE541D1B2AD900714DF2 /* Sources */ = {
			isa = PBXSourcesBuildPhase;
			buildActionMask = 2147483647;
			files = (
				3C57BE5E1D1B2AD900714DF2 /* ViewController.swift in Sources */,
				3C57BE5C1D1B2AD900714DF2 /* AppDelegate.swift in Sources */,
				3C3C4C7E1D228B33005536C4 /* AMTableCell.swift in Sources */,
				3C044EEB1D37B00C00AB104E /* AMAriaRpcApi.swift in Sources */,
			);
			runOnlyForDeploymentPostprocessing = 0;
		};
/* End PBXSourcesBuildPhase section */

/* Begin PBXVariantGroup section */
		3C57BE611D1B2AD900714DF2 /* Main.storyboard */ = {
			isa = PBXVariantGroup;
			children = (
				3C57BE621D1B2AD900714DF2 /* Base */,
			);
			name = Main.storyboard;
			sourceTree = "<group>";
		};
/* End PBXVariantGroup section */

/* Begin XCBuildConfiguration section */
		3C57BE651D1B2AD900714DF2 /* Debug */ = {
			isa = XCBuildConfiguration;
			buildSettings = {
				ALWAYS_SEARCH_USER_PATHS = NO;
				CLANG_ANALYZER_NONNULL = YES;
				CLANG_CXX_LANGUAGE_STANDARD = "gnu++0x";
				CLANG_CXX_LIBRARY = "libc++";
				CLANG_ENABLE_MODULES = YES;
				CLANG_ENABLE_OBJC_ARC = YES;
				CLANG_WARN_BOOL_CONVERSION = YES;
				CLANG_WARN_CONSTANT_CONVERSION = YES;
				CLANG_WARN_DIRECT_OBJC_ISA_USAGE = YES_ERROR;
				CLANG_WARN_EMPTY_BODY = YES;
				CLANG_WARN_ENUM_CONVERSION = YES;
				CLANG_WARN_INT_CONVERSION = YES;
				CLANG_WARN_OBJC_ROOT_CLASS = YES_ERROR;
				CLANG_WARN_UNREACHABLE_CODE = YES;
				CLANG_WARN__DUPLICATE_METHOD_MATCH = YES;
				CODE_SIGN_IDENTITY = "-";
				COPY_PHASE_STRIP = NO;
				DEBUG_INFORMATION_FORMAT = dwarf;
				ENABLE_STRICT_OBJC_MSGSEND = YES;
				ENABLE_TESTABILITY = YES;
				GCC_C_LANGUAGE_STANDARD = gnu99;
				GCC_DYNAMIC_NO_PIC = NO;
				GCC_NO_COMMON_BLOCKS = YES;
				GCC_OPTIMIZATION_LEVEL = 0;
				GCC_PREPROCESSOR_DEFINITIONS = (
					"DEBUG=1",
					"$(inherited)",
				);
				GCC_WARN_64_TO_32_BIT_CONVERSION = YES;
				GCC_WARN_ABOUT_RETURN_TYPE = YES_ERROR;
				GCC_WARN_UNDECLARED_SELECTOR = YES;
				GCC_WARN_UNINITIALIZED_AUTOS = YES_AGGRESSIVE;
				GCC_WARN_UNUSED_FUNCTION = YES;
				GCC_WARN_UNUSED_VARIABLE = YES;
				MACOSX_DEPLOYMENT_TARGET = 10.11;
				MTL_ENABLE_DEBUG_INFO = YES;
				ONLY_ACTIVE_ARCH = YES;
				SDKROOT = macosx;
				SWIFT_OPTIMIZATION_LEVEL = "-Onone";
			};
			name = Debug;
		};
		3C57BE661D1B2AD900714DF2 /* Release */ = {
			isa = XCBuildConfiguration;
			buildSettings = {
				ALWAYS_SEARCH_USER_PATHS = NO;
				CLANG_ANALYZER_NONNULL = YES;
				CLANG_CXX_LANGUAGE_STANDARD = "gnu++0x";
				CLANG_CXX_LIBRARY = "libc++";
				CLANG_ENABLE_MODULES = YES;
				CLANG_ENABLE_OBJC_ARC = YES;
				CLANG_WARN_BOOL_CONVERSION = YES;
				CLANG_WARN_CONSTANT_CONVERSION = YES;
				CLANG_WARN_DIRECT_OBJC_ISA_USAGE = YES_ERROR;
				CLANG_WARN_EMPTY_BODY = YES;
				CLANG_WARN_ENUM_CONVERSION = YES;
				CLANG_WARN_INT_CONVERSION = YES;
				CLANG_WARN_OBJC_ROOT_CLASS = YES_ERROR;
				CLANG_WARN_UNREACHABLE_CODE = YES;
				CLANG_WARN__DUPLICATE_METHOD_MATCH = YES;
				CODE_SIGN_IDENTITY = "-";
				COPY_PHASE_STRIP = NO;
				DEBUG_INFORMATION_FORMAT = "dwarf-with-dsym";
				ENABLE_NS_ASSERTIONS = NO;
				ENABLE_STRICT_OBJC_MSGSEND = YES;
				GCC_C_LANGUAGE_STANDARD = gnu99;
				GCC_NO_COMMON_BLOCKS = YES;
				GCC_WARN_64_TO_32_BIT_CONVERSION = YES;
				GCC_WARN_ABOUT_RETURN_TYPE = YES_ERROR;
				GCC_WARN_UNDECLARED_SELECTOR = YES;
				GCC_WARN_UNINITIALIZED_AUTOS = YES_AGGRESSIVE;
				GCC_WARN_UNUSED_FUNCTION = YES;
				GCC_WARN_UNUSED_VARIABLE = YES;
				MACOSX_DEPLOYMENT_TARGET = 10.11;
				MTL_ENABLE_DEBUG_INFO = NO;
				SDKROOT = macosx;
			};
			name = Release;
		};
		3C57BE681D1B2AD900714DF2 /* Debug */ = {
			isa = XCBuildConfiguration;
			buildSettings = {
				ASSETCATALOG_COMPILER_APPICON_NAME = AppIcon;
				COMBINE_HIDPI_IMAGES = YES;
				INFOPLIST_FILE = AiraMac/Info.plist;
				LD_RUNPATH_SEARCH_PATHS = "$(inherited) @executable_path/../Frameworks";
				PRODUCT_BUNDLE_IDENTIFIER = firstrisingtide.AiraMac;
				PRODUCT_NAME = Aira2;
			};
			name = Debug;
		};
		3C57BE691D1B2AD900714DF2 /* Release */ = {
			isa = XCBuildConfiguration;
			buildSettings = {
				ASSETCATALOG_COMPILER_APPICON_NAME = AppIcon;
				COMBINE_HIDPI_IMAGES = YES;
				INFOPLIST_FILE = AiraMac/Info.plist;
				LD_RUNPATH_SEARCH_PATHS = "$(inherited) @executable_path/../Frameworks";
				PRODUCT_BUNDLE_IDENTIFIER = firstrisingtide.AiraMac;
				PRODUCT_NAME = Aira2;
			};
			name = Release;
		};
/* End XCBuildConfiguration section */

/* Begin XCConfigurationList section */
		3C57BE531D1B2AD900714DF2 /* Build configuration list for PBXProject "AiraMac" */ = {
			isa = XCConfigurationList;
			buildConfigurations = (
				3C57BE651D1B2AD900714DF2 /* Debug */,
				3C57BE661D1B2AD900714DF2 /* Release */,
			);
			defaultConfigurationIsVisible = 0;
			defaultConfigurationName = Release;
		};
		3C57BE671D1B2AD900714DF2 /* Build configuration list for PBXNativeTarget "AiraMac" */ = {
			isa = XCConfigurationList;
			buildConfigurations = (
				3C57BE681D1B2AD900714DF2 /* Debug */,
				3C57BE691D1B2AD900714DF2 /* Release */,
			);
			defaultConfigurationIsVisible = 0;
			defaultConfigurationName = Release;
		};
/* End XCConfigurationList section */
	};
	rootObject = 3C57BE501D1B2AD900714DF2 /* Project object */;
}
